// !$*UTF8*$!
{
	archiveVersion = 1;
	classes = {
	};
	objectVersion = 50;
	objects = {

/* Begin PBXBuildFile section */
		7C8B0E8E24D1EC2C000A1F31 /* AppDelegate.swift in Sources */ = {isa = PBXBuildFile; fileRef = 7C8B0E8D24D1EC2C000A1F31 /* AppDelegate.swift */; };
		7C8B0E9024D1EC2C000A1F31 /* SceneDelegate.swift in Sources */ = {isa = PBXBuildFile; fileRef = 7C8B0E8F24D1EC2C000A1F31 /* SceneDelegate.swift */; };
		7C8B0E9224D1EC2C000A1F31 /* ViewController.swift in Sources */ = {isa = PBXBuildFile; fileRef = 7C8B0E9124D1EC2C000A1F31 /* ViewController.swift */; };
		7C8B0E9524D1EC2C000A1F31 /* Main.storyboard in Resources */ = {isa = PBXBuildFile; fileRef = 7C8B0E9324D1EC2C000A1F31 /* Main.storyboard */; };
		7C8B0E9724D1EC30000A1F31 /* Assets.xcassets in Resources */ = {isa = PBXBuildFile; fileRef = 7C8B0E9624D1EC30000A1F31 /* Assets.xcassets */; };
		7C8B0E9A24D1EC30000A1F31 /* LaunchScreen.storyboard in Resources */ = {isa = PBXBuildFile; fileRef = 7C8B0E9824D1EC30000A1F31 /* LaunchScreen.storyboard */; };
		7C8B0EA224D1EF3F000A1F31 /* BeagleConfig.swift in Sources */ = {isa = PBXBuildFile; fileRef = 7C8B0EA124D1EF3F000A1F31 /* BeagleConfig.swift */; };
		7C8B0EA424D1F011000A1F31 /* Constants.swift in Sources */ = {isa = PBXBuildFile; fileRef = 7C8B0EA324D1F011000A1F31 /* Constants.swift */; };
/* End PBXBuildFile section */

/* Begin PBXFileReference section */
		7C8B0E8A24D1EC2C000A1F31 /* ${project_name}.app */ = {isa = PBXFileReference; explicitFileType = wrapper.application; includeInIndex = 0; path = ${project_name}.app; sourceTree = BUILT_PRODUCTS_DIR; };
		7C8B0E8D24D1EC2C000A1F31 /* AppDelegate.swift */ = {isa = PBXFileReference; lastKnownFileType = sourcecode.swift; path = AppDelegate.swift; sourceTree = "<group>"; };
		7C8B0E8F24D1EC2C000A1F31 /* SceneDelegate.swift */ = {isa = PBXFileReference; lastKnownFileType = sourcecode.swift; path = SceneDelegate.swift; sourceTree = "<group>"; };
		7C8B0E9124D1EC2C000A1F31 /* ViewController.swift */ = {isa = PBXFileReference; lastKnownFileType = sourcecode.swift; path = ViewController.swift; sourceTree = "<group>"; };
		7C8B0E9424D1EC2C000A1F31 /* Base */ = {isa = PBXFileReference; lastKnownFileType = file.storyboard; name = Base; path = Base.lproj/Main.storyboard; sourceTree = "<group>"; };
		7C8B0E9624D1EC30000A1F31 /* Assets.xcassets */ = {isa = PBXFileReference; lastKnownFileType = folder.assetcatalog; path = Assets.xcassets; sourceTree = "<group>"; };
		7C8B0E9924D1EC30000A1F31 /* Base */ = {isa = PBXFileReference; lastKnownFileType = file.storyboard; name = Base; path = Base.lproj/LaunchScreen.storyboard; sourceTree = "<group>"; };
		7C8B0E9B24D1EC30000A1F31 /* Info.plist */ = {isa = PBXFileReference; lastKnownFileType = text.plist.xml; path = Info.plist; sourceTree = "<group>"; };
		7C8B0EA124D1EF3F000A1F31 /* BeagleConfig.swift */ = {isa = PBXFileReference; lastKnownFileType = sourcecode.swift; path = BeagleConfig.swift; sourceTree = "<group>"; };
		7C8B0EA324D1F011000A1F31 /* Constants.swift */ = {isa = PBXFileReference; lastKnownFileType = sourcecode.swift; path = Constants.swift; sourceTree = "<group>"; };
/* End PBXFileReference section */

/* Begin PBXFrameworksBuildPhase section */
		7C8B0E8724D1EC2C000A1F31 /* Frameworks */ = {
			isa = PBXFrameworksBuildPhase;
			buildActionMask = 2147483647;
			files = (
			);
			runOnlyForDeploymentPostprocessing = 0;
		};
/* End PBXFrameworksBuildPhase section */

/* Begin PBXGroup section */
		7C8B0E8124D1EC2B000A1F31 = {
			isa = PBXGroup;
			children = (
				7C8B0E8C24D1EC2C000A1F31 /* ${project_name} */,
				7C8B0E8B24D1EC2C000A1F31 /* Products */,
			);
			sourceTree = "<group>";
		};
		7C8B0E8B24D1EC2C000A1F31 /* Products */ = {
			isa = PBXGroup;
			children = (
				7C8B0E8A24D1EC2C000A1F31 /* ${project_name}.app */,
			);
			name = Products;
			sourceTree = "<group>";
		};
		7C8B0E8C24D1EC2C000A1F31 /* ${project_name} */ = {
			isa = PBXGroup;
			children = (
				7C8B0EA624D1F01F000A1F31 /* Commom */,
				7C8B0EA524D1F016000A1F31 /* BeagleConfig */,
				7C8B0E8D24D1EC2C000A1F31 /* AppDelegate.swift */,
				7C8B0E8F24D1EC2C000A1F31 /* SceneDelegate.swift */,
				7C8B0E9124D1EC2C000A1F31 /* ViewController.swift */,
				7C8B0E9324D1EC2C000A1F31 /* Main.storyboard */,
				7C8B0E9624D1EC30000A1F31 /* Assets.xcassets */,
				7C8B0E9824D1EC30000A1F31 /* LaunchScreen.storyboard */,
				7C8B0E9B24D1EC30000A1F31 /* Info.plist */,
			);
			path = ${project_name};
			sourceTree = "<group>";
		};
		7C8B0EA524D1F016000A1F31 /* BeagleConfig */ = {
			isa = PBXGroup;
			children = (
				7C8B0EA124D1EF3F000A1F31 /* BeagleConfig.swift */,
			);
			path = BeagleConfig;
			sourceTree = "<group>";
		};
		7C8B0EA624D1F01F000A1F31 /* Commom */ = {
			isa = PBXGroup;
			children = (
				7C8B0EA324D1F011000A1F31 /* Constants.swift */,
			);
			path = Commom;
			sourceTree = "<group>";
		};
/* End PBXGroup section */

/* Begin PBXNativeTarget section */
		7C8B0E8924D1EC2C000A1F31 /* ${project_name} */ = {
			isa = PBXNativeTarget;
			buildConfigurationList = 7C8B0E9E24D1EC30000A1F31 /* Build configuration list for PBXNativeTarget "${project_name}" */;
			buildPhases = (
				7C8B0EA724D1F0E9000A1F31 /* Sourcery */,
				7C8B0E8624D1EC2C000A1F31 /* Sources */,
				7C8B0E8724D1EC2C000A1F31 /* Frameworks */,
				7C8B0E8824D1EC2C000A1F31 /* Resources */,
			);
			buildRules = (
			);
			dependencies = (
			);
			name = ${project_name};
			productName = ${project_name};
			productReference = 7C8B0E8A24D1EC2C000A1F31 /* ${project_name}.app */;
			productType = "com.apple.product-type.application";
		};
/* End PBXNativeTarget section */

/* Begin PBXProject section */
		7C8B0E8224D1EC2C000A1F31 /* Project object */ = {
			isa = PBXProject;
			attributes = {
				LastSwiftUpdateCheck = 1150;
				LastUpgradeCheck = 1150;
				ORGANIZATIONNAME = "${organization_name}";
				TargetAttributes = {
					7C8B0E8924D1EC2C000A1F31 = {
						CreatedOnToolsVersion = 11.5;
					};
				};
			};
			buildConfigurationList = 7C8B0E8524D1EC2C000A1F31 /* Build configuration list for PBXProject "${project_name}" */;
			compatibilityVersion = "Xcode 9.3";
			developmentRegion = en;
			hasScannedForEncodings = 0;
			knownRegions = (
				en,
				Base,
			);
			mainGroup = 7C8B0E8124D1EC2B000A1F31;
			productRefGroup = 7C8B0E8B24D1EC2C000A1F31 /* Products */;
			projectDirPath = "";
			projectRoot = "";
			targets = (
				7C8B0E8924D1EC2C000A1F31 /* ${project_name} */,
			);
		};
/* End PBXProject section */

/* Begin PBXResourcesBuildPhase section */
		7C8B0E8824D1EC2C000A1F31 /* Resources */ = {
			isa = PBXResourcesBuildPhase;
			buildActionMask = 2147483647;
			files = (
				7C8B0E9A24D1EC30000A1F31 /* LaunchScreen.storyboard in Resources */,
				7C8B0E9724D1EC30000A1F31 /* Assets.xcassets in Resources */,
				7C8B0E9524D1EC2C000A1F31 /* Main.storyboard in Resources */,
			);
			runOnlyForDeploymentPostprocessing = 0;
		};
/* End PBXResourcesBuildPhase section */

/* Begin PBXShellScriptBuildPhase section */
		7C8B0EA724D1F0E9000A1F31 /* Sourcery */ = {
			isa = PBXShellScriptBuildPhase;
			buildActionMask = 2147483647;
			files = (
			);
			inputFileListPaths = (
			);
			inputPaths = (
			);
			name = Sourcery;
			outputFileListPaths = (
			);
			outputPaths = (
			);
			runOnlyForDeploymentPostprocessing = 0;
			shellPath = /bin/sh;
			shellScript = "sourcery --config $SRCROOT\n\n";
		};
/* End PBXShellScriptBuildPhase section */

/* Begin PBXSourcesBuildPhase section */
		7C8B0E8624D1EC2C000A1F31 /* Sources */ = {
			isa = PBXSourcesBuildPhase;
			buildActionMask = 2147483647;
			files = (
				7C8B0EA424D1F011000A1F31 /* Constants.swift in Sources */,
				7C8B0E9224D1EC2C000A1F31 /* ViewController.swift in Sources */,
				7C8B0E8E24D1EC2C000A1F31 /* AppDelegate.swift in Sources */,
				7C8B0E9024D1EC2C000A1F31 /* SceneDelegate.swift in Sources */,
				7C8B0EA224D1EF3F000A1F31 /* BeagleConfig.swift in Sources */,
			);
			runOnlyForDeploymentPostprocessing = 0;
		};
/* End PBXSourcesBuildPhase section */

/* Begin PBXVariantGroup section */
		7C8B0E9324D1EC2C000A1F31 /* Main.storyboard */ = {
			isa = PBXVariantGroup;
			children = (
				7C8B0E9424D1EC2C000A1F31 /* Base */,
			);
			name = Main.storyboard;
			sourceTree = "<group>";
		};
		7C8B0E9824D1EC30000A1F31 /* LaunchScreen.storyboard */ = {
			isa = PBXVariantGroup;
			children = (
				7C8B0E9924D1EC30000A1F31 /* Base */,
			);
			name = LaunchScreen.storyboard;
			sourceTree = "<group>";
		};
/* End PBXVariantGroup section */

/* Begin XCBuildConfiguration section */
		7C8B0E9C24D1EC30000A1F31 /* Debug */ = {
			isa = XCBuildConfiguration;
			buildSettings = {
				ALWAYS_SEARCH_USER_PATHS = NO;
				CLANG_ANALYZER_NONNULL = YES;
				CLANG_ANALYZER_NUMBER_OBJECT_CONVERSION = YES_AGGRESSIVE;
				CLANG_CXX_LANGUAGE_STANDARD = "gnu++14";
				CLANG_CXX_LIBRARY = "libc++";
				CLANG_ENABLE_MODULES = YES;
				CLANG_ENABLE_OBJC_ARC = YES;
				CLANG_ENABLE_OBJC_WEAK = YES;
				CLANG_WARN_BLOCK_CAPTURE_AUTORELEASING = YES;
				CLANG_WARN_BOOL_CONVERSION = YES;
				CLANG_WARN_COMMA = YES;
				CLANG_WARN_CONSTANT_CONVERSION = YES;
				CLANG_WARN_DEPRECATED_OBJC_IMPLEMENTATIONS = YES;
				CLANG_WARN_DIRECT_OBJC_ISA_USAGE = YES_ERROR;
				CLANG_WARN_DOCUMENTATION_COMMENTS = YES;
				CLANG_WARN_EMPTY_BODY = YES;
				CLANG_WARN_ENUM_CONVERSION = YES;
				CLANG_WARN_INFINITE_RECURSION = YES;
				CLANG_WARN_INT_CONVERSION = YES;
				CLANG_WARN_NON_LITERAL_NULL_CONVERSION = YES;
				CLANG_WARN_OBJC_IMPLICIT_RETAIN_SELF = YES;
				CLANG_WARN_OBJC_LITERAL_CONVERSION = YES;
				CLANG_WARN_OBJC_ROOT_CLASS = YES_ERROR;
				CLANG_WARN_RANGE_LOOP_ANALYSIS = YES;
				CLANG_WARN_STRICT_PROTOTYPES = YES;
				CLANG_WARN_SUSPICIOUS_MOVE = YES;
				CLANG_WARN_UNGUARDED_AVAILABILITY = YES_AGGRESSIVE;
				CLANG_WARN_UNREACHABLE_CODE = YES;
				CLANG_WARN__DUPLICATE_METHOD_MATCH = YES;
				COPY_PHASE_STRIP = NO;
				DEBUG_INFORMATION_FORMAT = dwarf;
				ENABLE_STRICT_OBJC_MSGSEND = YES;
				ENABLE_TESTABILITY = YES;
				GCC_C_LANGUAGE_STANDARD = gnu11;
				GCC_DYNAMIC_NO_PIC = NO;
				GCC_NO_COMMON_BLOCKS = YES;
				GCC_OPTIMIZATION_LEVEL = 0;
				GCC_PREPROCESSOR_DEFINITIONS = (
					"DEBUG=1",
					"$(inherited)",
				);
				GCC_WARN_64_TO_32_BIT_CONVERSION = YES;
				GCC_WARN_ABOUT_RETURN_TYPE = YES_ERROR;
				GCC_WARN_UNDECLARED_SELECTOR = YES;
				GCC_WARN_UNINITIALIZED_AUTOS = YES_AGGRESSIVE;
				GCC_WARN_UNUSED_FUNCTION = YES;
				GCC_WARN_UNUSED_VARIABLE = YES;
				IPHONEOS_DEPLOYMENT_TARGET = 13.5;
				MTL_ENABLE_DEBUG_INFO = INCLUDE_SOURCE;
				MTL_FAST_MATH = YES;
				ONLY_ACTIVE_ARCH = YES;
				SDKROOT = iphoneos;
				SWIFT_ACTIVE_COMPILATION_CONDITIONS = DEBUG;
				SWIFT_OPTIMIZATION_LEVEL = "-Onone";
			};
			name = Debug;
		};
		7C8B0E9D24D1EC30000A1F31 /* Release */ = {
			isa = XCBuildConfiguration;
			buildSettings = {
				ALWAYS_SEARCH_USER_PATHS = NO;
				CLANG_ANALYZER_NONNULL = YES;
				CLANG_ANALYZER_NUMBER_OBJECT_CONVERSION = YES_AGGRESSIVE;
				CLANG_CXX_LANGUAGE_STANDARD = "gnu++14";
				CLANG_CXX_LIBRARY = "libc++";
				CLANG_ENABLE_MODULES = YES;
				CLANG_ENABLE_OBJC_ARC = YES;
				CLANG_ENABLE_OBJC_WEAK = YES;
				CLANG_WARN_BLOCK_CAPTURE_AUTORELEASING = YES;
				CLANG_WARN_BOOL_CONVERSION = YES;
				CLANG_WARN_COMMA = YES;
				CLANG_WARN_CONSTANT_CONVERSION = YES;
				CLANG_WARN_DEPRECATED_OBJC_IMPLEMENTATIONS = YES;
				CLANG_WARN_DIRECT_OBJC_ISA_USAGE = YES_ERROR;
				CLANG_WARN_DOCUMENTATION_COMMENTS = YES;
				CLANG_WARN_EMPTY_BODY = YES;
				CLANG_WARN_ENUM_CONVERSION = YES;
				CLANG_WARN_INFINITE_RECURSION = YES;
				CLANG_WARN_INT_CONVERSION = YES;
				CLANG_WARN_NON_LITERAL_NULL_CONVERSION = YES;
				CLANG_WARN_OBJC_IMPLICIT_RETAIN_SELF = YES;
				CLANG_WARN_OBJC_LITERAL_CONVERSION = YES;
				CLANG_WARN_OBJC_ROOT_CLASS = YES_ERROR;
				CLANG_WARN_RANGE_LOOP_ANALYSIS = YES;
				CLANG_WARN_STRICT_PROTOTYPES = YES;
				CLANG_WARN_SUSPICIOUS_MOVE = YES;
				CLANG_WARN_UNGUARDED_AVAILABILITY = YES_AGGRESSIVE;
				CLANG_WARN_UNREACHABLE_CODE = YES;
				CLANG_WARN__DUPLICATE_METHOD_MATCH = YES;
				COPY_PHASE_STRIP = NO;
				DEBUG_INFORMATION_FORMAT = "dwarf-with-dsym";
				ENABLE_NS_ASSERTIONS = NO;
				ENABLE_STRICT_OBJC_MSGSEND = YES;
				GCC_C_LANGUAGE_STANDARD = gnu11;
				GCC_NO_COMMON_BLOCKS = YES;
				GCC_WARN_64_TO_32_BIT_CONVERSION = YES;
				GCC_WARN_ABOUT_RETURN_TYPE = YES_ERROR;
				GCC_WARN_UNDECLARED_SELECTOR = YES;
				GCC_WARN_UNINITIALIZED_AUTOS = YES_AGGRESSIVE;
				GCC_WARN_UNUSED_FUNCTION = YES;
				GCC_WARN_UNUSED_VARIABLE = YES;
				IPHONEOS_DEPLOYMENT_TARGET = 13.5;
				MTL_ENABLE_DEBUG_INFO = NO;
				MTL_FAST_MATH = YES;
				SDKROOT = iphoneos;
				SWIFT_COMPILATION_MODE = wholemodule;
				SWIFT_OPTIMIZATION_LEVEL = "-O";
				VALIDATE_PRODUCT = YES;
			};
			name = Release;
		};
		7C8B0E9F24D1EC30000A1F31 /* Debug */ = {
			isa = XCBuildConfiguration;
			buildSettings = {
				ASSETCATALOG_COMPILER_APPICON_NAME = AppIcon;
				CODE_SIGN_STYLE = Automatic;
				INFOPLIST_FILE = ${project_name}/Info.plist;
				LD_RUNPATH_SEARCH_PATHS = (
					"$(inherited)",
					"@executable_path/Frameworks",
				);
				PRODUCT_BUNDLE_IDENTIFIER = ${organization_id}.${project_name};
				PRODUCT_NAME = "$(TARGET_NAME)";
				SWIFT_VERSION = 5.0;
				TARGETED_DEVICE_FAMILY = "1,2";
			};
			name = Debug;
		};
		7C8B0EA024D1EC30000A1F31 /* Release */ = {
			isa = XCBuildConfiguration;
			buildSettings = {
				ASSETCATALOG_COMPILER_APPICON_NAME = AppIcon;
				CODE_SIGN_STYLE = Automatic;
				INFOPLIST_FILE = ${project_name}/Info.plist;
				LD_RUNPATH_SEARCH_PATHS = (
					"$(inherited)",
					"@executable_path/Frameworks",
				);
				PRODUCT_BUNDLE_IDENTIFIER = ${organization_id}.${project_name};
				PRODUCT_NAME = "$(TARGET_NAME)";
				SWIFT_VERSION = 5.0;
				TARGETED_DEVICE_FAMILY = "1,2";
			};
			name = Release;
		};
/* End XCBuildConfiguration section */

/* Begin XCConfigurationList section */
		7C8B0E8524D1EC2C000A1F31 /* Build configuration list for PBXProject "${project_name}" */ = {
			isa = XCConfigurationList;
			buildConfigurations = (
				7C8B0E9C24D1EC30000A1F31 /* Debug */,
				7C8B0E9D24D1EC30000A1F31 /* Release */,
			);
			defaultConfigurationIsVisible = 0;
			defaultConfigurationName = Release;
		};
		7C8B0E9E24D1EC30000A1F31 /* Build configuration list for PBXNativeTarget "${project_name}" */ = {
			isa = XCConfigurationList;
			buildConfigurations = (
				7C8B0E9F24D1EC30000A1F31 /* Debug */,
				7C8B0EA024D1EC30000A1F31 /* Release */,
			);
			defaultConfigurationIsVisible = 0;
			defaultConfigurationName = Release;
		};
/* End XCConfigurationList section */
	};
	rootObject = 7C8B0E8224D1EC2C000A1F31 /* Project object */;
}
